// !$*UTF8*$!
{
	archiveVersion = 1;
	classes = {
	};
	objectVersion = 46;
	objects = {

/* Begin PBXBuildFile section */
		F6C0EFD91B2FA38200BB32A8 /* main.cpp in Sources */ = {isa = PBXBuildFile; fileRef = F6C0EFD81B2FA38200BB32A8 /* main.cpp */; };
/* End PBXBuildFile section */

/* Begin PBXCopyFilesBuildPhase section */
		F6C0EFD31B2FA38200BB32A8 /* CopyFiles */ = {
			isa = PBXCopyFilesBuildPhase;
			buildActionMask = 2147483647;
			dstPath = /usr/share/man/man1/;
			dstSubfolderSpec = 0;
			files = (
			);
			runOnlyForDeploymentPostprocessing = 1;
		};
/* End PBXCopyFilesBuildPhase section */

/* Begin PBXFileReference section */
		F6C0EFD51B2FA38200BB32A8 /* UniqueChar */ = {isa = PBXFileReference; explicitFileType = "compiled.mach-o.executable"; includeInIndex = 0; path = UniqueChar; sourceTree = BUILT_PRODUCTS_DIR; };
		F6C0EFD81B2FA38200BB32A8 /* main.cpp */ = {isa = PBXFileReference; lastKnownFileType = sourcecode.cpp.cpp; path = main.cpp; sourceTree = "<group>"; };
/* End PBXFileReference section */

/* Begin PBXFrameworksBuildPhase section */
		F6C0EFD21B2FA38200BB32A8 /* Frameworks */ = {
			isa = PBXFrameworksBuildPhase;
			buildActionMask = 2147483647;
			files = (
			);
			runOnlyForDeploymentPostprocessing = 0;
		};
/* End PBXFrameworksBuildPhase section */

/* Begin PBXGroup section */
		F6C0EFCC1B2FA38200BB32A8 = {
			isa = PBXGroup;
			children = (
				F6C0EFD71B2FA38200BB32A8 /* UniqueChar */,
				F6C0EFD61B2FA38200BB32A8 /* Products */,
			);
			sourceTree = "<group>";
		};
		F6C0EFD61B2FA38200BB32A8 /* Products */ = {
			isa = PBXGroup;
			children = (
				F6C0EFD51B2FA38200BB32A8 /* UniqueChar */,
			);
			name = Products;
			sourceTree = "<group>";
		};
		F6C0EFD71B2FA38200BB32A8 /* UniqueChar */ = {
			isa = PBXGroup;
			children = (
				F6C0EFD81B2FA38200BB32A8 /* main.cpp */,
			);
			path = UniqueChar;
			sourceTree = "<group>";
		};
/* End PBXGroup section */

/* Begin PBXNativeTarget section */
		F6C0EFD41B2FA38200BB32A8 /* UniqueChar */ = {
			isa = PBXNativeTarget;
			buildConfigurationList = F6C0EFDC1B2FA38200BB32A8 /* Build configuration list for PBXNativeTarget "UniqueChar" */;
			buildPhases = (
				F6C0EFD11B2FA38200BB32A8 /* Sources */,
				F6C0EFD21B2FA38200BB32A8 /* Frameworks */,
				F6C0EFD31B2FA38200BB32A8 /* CopyFiles */,
			);
			buildRules = (
			);
			dependencies = (
			);
			name = UniqueChar;
			productName = UniqueChar;
			productReference = F6C0EFD51B2FA38200BB32A8 /* UniqueChar */;
			productType = "com.apple.product-type.tool";
		};
/* End PBXNativeTarget section */

/* Begin PBXProject section */
		F6C0EFCD1B2FA38200BB32A8 /* Project object */ = {
			isa = PBXProject;
			attributes = {
				LastUpgradeCheck = 0630;
				ORGANIZATIONNAME = "Adi Bangun";
				TargetAttributes = {
					F6C0EFD41B2FA38200BB32A8 = {
						CreatedOnToolsVersion = 6.3.2;
					};
				};
			};
			buildConfigurationList = F6C0EFD01B2FA38200BB32A8 /* Build configuration list for PBXProject "UniqueChar" */;
			compatibilityVersion = "Xcode 3.2";
			developmentRegion = English;
			hasScannedForEncodings = 0;
			knownRegions = (
				en,
			);
			mainGroup = F6C0EFCC1B2FA38200BB32A8;
			productRefGroup = F6C0EFD61B2FA38200BB32A8 /* Products */;
			projectDirPath = "";
			projectRoot = "";
			targets = (
				F6C0EFD41B2FA38200BB32A8 /* UniqueChar */,
			);
		};
/* End PBXProject section */

/* Begin PBXSourcesBuildPhase section */
		F6C0EFD11B2FA38200BB32A8 /* Sources */ = {
			isa = PBXSourcesBuildPhase;
			buildActionMask = 2147483647;
			files = (
				F6C0EFD91B2FA38200BB32A8 /* main.cpp in Sources */,
			);
			runOnlyForDeploymentPostprocessing = 0;
		};
/* End PBXSourcesBuildPhase section */

/* Begin XCBuildConfiguration section */
		F6C0EFDA1B2FA38200BB32A8 /* Debug */ = {
			isa = XCBuildConfiguration;
			buildSettings = {
				ALWAYS_SEARCH_USER_PATHS = NO;
				CLANG_CXX_LANGUAGE_STANDARD = "gnu++0x";
				CLANG_CXX_LIBRARY = "libc++";
				CLANG_ENABLE_MODULES = YES;
				CLANG_ENABLE_OBJC_ARC = YES;
				CLANG_WARN_BOOL_CONVERSION = YES;
				CLANG_WARN_CONSTANT_CONVERSION = YES;
				CLANG_WARN_DIRECT_OBJC_ISA_USAGE = YES_ERROR;
				CLANG_WARN_EMPTY_BODY = YES;
				CLANG_WARN_ENUM_CONVERSION = YES;
				CLANG_WARN_INT_CONVERSION = YES;
				CLANG_WARN_OBJC_ROOT_CLASS = YES_ERROR;
				CLANG_WARN_UNREACHABLE_CODE = YES;
				CLANG_WARN__DUPLICATE_METHOD_MATCH = YES;
				COPY_PHASE_STRIP = NO;
				DEBUG_INFORMATION_FORMAT = dwarf;
				ENABLE_STRICT_OBJC_MSGSEND = YES;
				GCC_C_LANGUAGE_STANDARD = gnu99;
				GCC_DYNAMIC_NO_PIC = NO;
				GCC_NO_COMMON_BLOCKS = YES;
				GCC_OPTIMIZATION_LEVEL = 0;
				GCC_PREPROCESSOR_DEFINITIONS = (
					"DEBUG=1",
					"$(inherited)",
				);
				GCC_SYMBOLS_PRIVATE_EXTERN = NO;
				GCC_WARN_64_TO_32_BIT_CONVERSION = YES;
				GCC_WARN_ABOUT_RETURN_TYPE = YES_ERROR;
				GCC_WARN_UNDECLARED_SELECTOR = YES;
				GCC_WARN_UNINITIALIZED_AUTOS = YES_AGGRESSIVE;
				GCC_WARN_UNUSED_FUNCTION = YES;
				GCC_WARN_UNUSED_VARIABLE = YES;
				MACOSX_DEPLOYMENT_TARGET = 10.10;
				MTL_ENABLE_DEBUG_INFO = YES;
				ONLY_ACTIVE_ARCH = YES;
				SDKROOT = macosx;
			};
			name = Debug;
		};
		F6C0EFDB1B2FA38200BB32A8 /* Release */ = {
			isa = XCBuildConfiguration;
			buildSettings = {
				ALWAYS_SEARCH_USER_PATHS = NO;
				CLANG_CXX_LANGUAGE_STANDARD = "gnu++0x";
				CLANG_CXX_LIBRARY = "libc++";
				CLANG_ENABLE_MODULES = YES;
				CLANG_ENABLE_OBJC_ARC = YES;
				CLANG_WARN_BOOL_CONVERSION = YES;
				CLANG_WARN_CONSTANT_CONVERSION = YES;
				CLANG_WARN_DIRECT_OBJC_ISA_USAGE = YES_ERROR;
				CLANG_WARN_EMPTY_BODY = YES;
				CLANG_WARN_ENUM_CONVERSION = YES;
				CLANG_WARN_INT_CONVERSION = YES;
				CLANG_WARN_OBJC_ROOT_CLASS = YES_ERROR;
				CLANG_WARN_UNREACHABLE_CODE = YES;
				CLANG_WARN__DUPLICATE_METHOD_MATCH = YES;
				COPY_PHASE_STRIP = NO;
				DEBUG_INFORMATION_FORMAT = "dwarf-with-dsym";
				ENABLE_NS_ASSERTIONS = NO;
				ENABLE_STRICT_OBJC_MSGSEND = YES;
				GCC_C_LANGUAGE_STANDARD = gnu99;
				GCC_NO_COMMON_BLOCKS = YES;
				GCC_WARN_64_TO_32_BIT_CONVERSION = YES;
				GCC_WARN_ABOUT_RETURN_TYPE = YES_ERROR;
				GCC_WARN_UNDECLARED_SELECTOR = YES;
				GCC_WARN_UNINITIALIZED_AUTOS = YES_AGGRESSIVE;
				GCC_WARN_UNUSED_FUNCTION = YES;
				GCC_WARN_UNUSED_VARIABLE = YES;
				MACOSX_DEPLOYMENT_TARGET = 10.10;
				MTL_ENABLE_DEBUG_INFO = NO;
				SDKROOT = macosx;
			};
			name = Release;
		};
		F6C0EFDD1B2FA38200BB32A8 /* Debug */ = {
			isa = XCBuildConfiguration;
			buildSettings = {
				PRODUCT_NAME = "$(TARGET_NAME)";
			};
			name = Debug;
		};
		F6C0EFDE1B2FA38200BB32A8 /* Release */ = {
			isa = XCBuildConfiguration;
			buildSettings = {
				PRODUCT_NAME = "$(TARGET_NAME)";
			};
			name = Release;
		};
/* End XCBuildConfiguration section */

/* Begin XCConfigurationList section */
		F6C0EFD01B2FA38200BB32A8 /* Build configuration list for PBXProject "UniqueChar" */ = {
			isa = XCConfigurationList;
			buildConfigurations = (
				F6C0EFDA1B2FA38200BB32A8 /* Debug */,
				F6C0EFDB1B2FA38200BB32A8 /* Release */,
			);
			defaultConfigurationIsVisible = 0;
			defaultConfigurationName = Release;
		};
		F6C0EFDC1B2FA38200BB32A8 /* Build configuration list for PBXNativeTarget "UniqueChar" */ = {
			isa = XCConfigurationList;
			buildConfigurations = (
				F6C0EFDD1B2FA38200BB32A8 /* Debug */,
				F6C0EFDE1B2FA38200BB32A8 /* Release */,
			);
			defaultConfigurationIsVisible = 0;
		};
/* End XCConfigurationList section */
	};
	rootObject = F6C0EFCD1B2FA38200BB32A8 /* Project object */;
}
