// !$*UTF8*$!
{
	archiveVersion = 1;
	classes = {
	};
	objectVersion = 46;
	objects = {

/* Begin PBXBuildFile section */
		F6B8505E1B60F19800ADD8DF /* main.cpp in Sources */ = {isa = PBXBuildFile; fileRef = F6B8505D1B60F19800ADD8DF /* main.cpp */; };
		F6B850691B60F85F00ADD8DF /* GameChar.cpp in Sources */ = {isa = PBXBuildFile; fileRef = F6B850681B60F85F00ADD8DF /* GameChar.cpp */; };
/* End PBXBuildFile section */

/* Begin PBXCopyFilesBuildPhase section */
		F6B850581B60F19800ADD8DF /* CopyFiles */ = {
			isa = PBXCopyFilesBuildPhase;
			buildActionMask = 2147483647;
			dstPath = /usr/share/man/man1/;
			dstSubfolderSpec = 0;
			files = (
			);
			runOnlyForDeploymentPostprocessing = 1;
		};
/* End PBXCopyFilesBuildPhase section */

/* Begin PBXFileReference section */
		F6B8505A1B60F19800ADD8DF /* Rule of Three */ = {isa = PBXFileReference; explicitFileType = "compiled.mach-o.executable"; includeInIndex = 0; path = "Rule of Three"; sourceTree = BUILT_PRODUCTS_DIR; };
		F6B8505D1B60F19800ADD8DF /* main.cpp */ = {isa = PBXFileReference; lastKnownFileType = sourcecode.cpp.cpp; path = main.cpp; sourceTree = "<group>"; };
		F6B850641B60F1B400ADD8DF /* GCharacter.h */ = {isa = PBXFileReference; lastKnownFileType = sourcecode.c.h; path = GCharacter.h; sourceTree = "<group>"; };
		F6B850681B60F85F00ADD8DF /* GameChar.cpp */ = {isa = PBXFileReference; fileEncoding = 4; lastKnownFileType = sourcecode.cpp.cpp; path = GameChar.cpp; sourceTree = "<group>"; };
/* End PBXFileReference section */

/* Begin PBXFrameworksBuildPhase section */
		F6B850571B60F19800ADD8DF /* Frameworks */ = {
			isa = PBXFrameworksBuildPhase;
			buildActionMask = 2147483647;
			files = (
			);
			runOnlyForDeploymentPostprocessing = 0;
		};
/* End PBXFrameworksBuildPhase section */

/* Begin PBXGroup section */
		F6B850511B60F19800ADD8DF = {
			isa = PBXGroup;
			children = (
				F6B8505C1B60F19800ADD8DF /* Rule of Three */,
				F6B8505B1B60F19800ADD8DF /* Products */,
			);
			sourceTree = "<group>";
		};
		F6B8505B1B60F19800ADD8DF /* Products */ = {
			isa = PBXGroup;
			children = (
				F6B8505A1B60F19800ADD8DF /* Rule of Three */,
			);
			name = Products;
			sourceTree = "<group>";
		};
		F6B8505C1B60F19800ADD8DF /* Rule of Three */ = {
			isa = PBXGroup;
			children = (
				F6B8505D1B60F19800ADD8DF /* main.cpp */,
				F6B850641B60F1B400ADD8DF /* GCharacter.h */,
				F6B850681B60F85F00ADD8DF /* GameChar.cpp */,
			);
			path = "Rule of Three";
			sourceTree = "<group>";
		};
/* End PBXGroup section */

/* Begin PBXNativeTarget section */
		F6B850591B60F19800ADD8DF /* Rule of Three */ = {
			isa = PBXNativeTarget;
			buildConfigurationList = F6B850611B60F19800ADD8DF /* Build configuration list for PBXNativeTarget "Rule of Three" */;
			buildPhases = (
				F6B850561B60F19800ADD8DF /* Sources */,
				F6B850571B60F19800ADD8DF /* Frameworks */,
				F6B850581B60F19800ADD8DF /* CopyFiles */,
			);
			buildRules = (
			);
			dependencies = (
			);
			name = "Rule of Three";
			productName = "Rule of Three";
			productReference = F6B8505A1B60F19800ADD8DF /* Rule of Three */;
			productType = "com.apple.product-type.tool";
		};
/* End PBXNativeTarget section */

/* Begin PBXProject section */
		F6B850521B60F19800ADD8DF /* Project object */ = {
			isa = PBXProject;
			attributes = {
				LastUpgradeCheck = 0640;
				ORGANIZATIONNAME = "Adi Bangun";
				TargetAttributes = {
					F6B850591B60F19800ADD8DF = {
						CreatedOnToolsVersion = 6.4;
					};
				};
			};
			buildConfigurationList = F6B850551B60F19800ADD8DF /* Build configuration list for PBXProject "Rule of Three" */;
			compatibilityVersion = "Xcode 3.2";
			developmentRegion = English;
			hasScannedForEncodings = 0;
			knownRegions = (
				en,
			);
			mainGroup = F6B850511B60F19800ADD8DF;
			productRefGroup = F6B8505B1B60F19800ADD8DF /* Products */;
			projectDirPath = "";
			projectRoot = "";
			targets = (
				F6B850591B60F19800ADD8DF /* Rule of Three */,
			);
		};
/* End PBXProject section */

/* Begin PBXSourcesBuildPhase section */
		F6B850561B60F19800ADD8DF /* Sources */ = {
			isa = PBXSourcesBuildPhase;
			buildActionMask = 2147483647;
			files = (
				F6B8505E1B60F19800ADD8DF /* main.cpp in Sources */,
				F6B850691B60F85F00ADD8DF /* GameChar.cpp in Sources */,
			);
			runOnlyForDeploymentPostprocessing = 0;
		};
/* End PBXSourcesBuildPhase section */

/* Begin XCBuildConfiguration section */
		F6B8505F1B60F19800ADD8DF /* Debug */ = {
			isa = XCBuildConfiguration;
			buildSettings = {
				ALWAYS_SEARCH_USER_PATHS = NO;
				CLANG_CXX_LANGUAGE_STANDARD = "gnu++0x";
				CLANG_CXX_LIBRARY = "libc++";
				CLANG_ENABLE_MODULES = YES;
				CLANG_ENABLE_OBJC_ARC = YES;
				CLANG_WARN_BOOL_CONVERSION = YES;
				CLANG_WARN_CONSTANT_CONVERSION = YES;
				CLANG_WARN_DIRECT_OBJC_ISA_USAGE = YES_ERROR;
				CLANG_WARN_EMPTY_BODY = YES;
				CLANG_WARN_ENUM_CONVERSION = YES;
				CLANG_WARN_INT_CONVERSION = YES;
				CLANG_WARN_OBJC_ROOT_CLASS = YES_ERROR;
				CLANG_WARN_UNREACHABLE_CODE = YES;
				CLANG_WARN__DUPLICATE_METHOD_MATCH = YES;
				COPY_PHASE_STRIP = NO;
				DEBUG_INFORMATION_FORMAT = dwarf;
				ENABLE_STRICT_OBJC_MSGSEND = YES;
				GCC_C_LANGUAGE_STANDARD = gnu99;
				GCC_DYNAMIC_NO_PIC = NO;
				GCC_NO_COMMON_BLOCKS = YES;
				GCC_OPTIMIZATION_LEVEL = 0;
				GCC_PREPROCESSOR_DEFINITIONS = (
					"DEBUG=1",
					"$(inherited)",
				);
				GCC_SYMBOLS_PRIVATE_EXTERN = NO;
				GCC_WARN_64_TO_32_BIT_CONVERSION = YES;
				GCC_WARN_ABOUT_RETURN_TYPE = YES_ERROR;
				GCC_WARN_UNDECLARED_SELECTOR = YES;
				GCC_WARN_UNINITIALIZED_AUTOS = YES_AGGRESSIVE;
				GCC_WARN_UNUSED_FUNCTION = YES;
				GCC_WARN_UNUSED_VARIABLE = YES;
				MACOSX_DEPLOYMENT_TARGET = 10.10;
				MTL_ENABLE_DEBUG_INFO = YES;
				ONLY_ACTIVE_ARCH = YES;
				SDKROOT = macosx;
			};
			name = Debug;
		};
		F6B850601B60F19800ADD8DF /* Release */ = {
			isa = XCBuildConfiguration;
			buildSettings = {
				ALWAYS_SEARCH_USER_PATHS = NO;
				CLANG_CXX_LANGUAGE_STANDARD = "gnu++0x";
				CLANG_CXX_LIBRARY = "libc++";
				CLANG_ENABLE_MODULES = YES;
				CLANG_ENABLE_OBJC_ARC = YES;
				CLANG_WARN_BOOL_CONVERSION = YES;
				CLANG_WARN_CONSTANT_CONVERSION = YES;
				CLANG_WARN_DIRECT_OBJC_ISA_USAGE = YES_ERROR;
				CLANG_WARN_EMPTY_BODY = YES;
				CLANG_WARN_ENUM_CONVERSION = YES;
				CLANG_WARN_INT_CONVERSION = YES;
				CLANG_WARN_OBJC_ROOT_CLASS = YES_ERROR;
				CLANG_WARN_UNREACHABLE_CODE = YES;
				CLANG_WARN__DUPLICATE_METHOD_MATCH = YES;
				COPY_PHASE_STRIP = NO;
				DEBUG_INFORMATION_FORMAT = "dwarf-with-dsym";
				ENABLE_NS_ASSERTIONS = NO;
				ENABLE_STRICT_OBJC_MSGSEND = YES;
				GCC_C_LANGUAGE_STANDARD = gnu99;
				GCC_NO_COMMON_BLOCKS = YES;
				GCC_WARN_64_TO_32_BIT_CONVERSION = YES;
				GCC_WARN_ABOUT_RETURN_TYPE = YES_ERROR;
				GCC_WARN_UNDECLARED_SELECTOR = YES;
				GCC_WARN_UNINITIALIZED_AUTOS = YES_AGGRESSIVE;
				GCC_WARN_UNUSED_FUNCTION = YES;
				GCC_WARN_UNUSED_VARIABLE = YES;
				MACOSX_DEPLOYMENT_TARGET = 10.10;
				MTL_ENABLE_DEBUG_INFO = NO;
				SDKROOT = macosx;
			};
			name = Release;
		};
		F6B850621B60F19800ADD8DF /* Debug */ = {
			isa = XCBuildConfiguration;
			buildSettings = {
				PRODUCT_NAME = "$(TARGET_NAME)";
			};
			name = Debug;
		};
		F6B850631B60F19800ADD8DF /* Release */ = {
			isa = XCBuildConfiguration;
			buildSettings = {
				PRODUCT_NAME = "$(TARGET_NAME)";
			};
			name = Release;
		};
/* End XCBuildConfiguration section */

/* Begin XCConfigurationList section */
		F6B850551B60F19800ADD8DF /* Build configuration list for PBXProject "Rule of Three" */ = {
			isa = XCConfigurationList;
			buildConfigurations = (
				F6B8505F1B60F19800ADD8DF /* Debug */,
				F6B850601B60F19800ADD8DF /* Release */,
			);
			defaultConfigurationIsVisible = 0;
			defaultConfigurationName = Release;
		};
		F6B850611B60F19800ADD8DF /* Build configuration list for PBXNativeTarget "Rule of Three" */ = {
			isa = XCConfigurationList;
			buildConfigurations = (
				F6B850621B60F19800ADD8DF /* Debug */,
				F6B850631B60F19800ADD8DF /* Release */,
			);
			defaultConfigurationIsVisible = 0;
		};
/* End XCConfigurationList section */
	};
	rootObject = F6B850521B60F19800ADD8DF /* Project object */;
}
